
Microsoft Visual Studio Solution File, Format Version 12.00
# Visual Studio Version 17
VisualStudioVersion = 17.3.32825.248
MinimumVisualStudioVersion = 10.0.40219.1
Project("{FAE04EC0-301F-11D3-BF4B-00C04F79EFBC}") = "Minta_ZH1_2023__03", "Minta_ZH1_2023__03\Minta_ZH1_2023__03.csproj", "{63235650-B99C-4C65-A223-CF9885463E45}"
EndProject
Global
	GlobalSection(SolutionConfigurationPlatforms) = preSolution
		Debug|Any CPU = Debug|Any CPU
		Release|Any CPU = Release|Any CPU
	EndGlobalSection
	GlobalSection(ProjectConfigurationPlatforms) = postSolution
		{63235650-B99C-4C65-A223-CF9885463E45}.Debug|Any CPU.ActiveCfg = Debug|Any CPU
		{63235650-B99C-4C65-A223-CF9885463E45}.Debug|Any CPU.Build.0 = Debug|Any CPU
		{63235650-B99C-4C65-A223-CF9885463E45}.Release|Any CPU.ActiveCfg = Release|Any CPU
		{63235650-B99C-4C65-A223-CF9885463E45}.Release|Any CPU.Build.0 = Release|Any CPU
	EndGlobalSection
	GlobalSection(SolutionProperties) = preSolution
		HideSolutionNode = FALSE
	EndGlobalSection
	GlobalSection(ExtensibilityGlobals) = postSolution
		SolutionGuid = {B84DA94C-3D0B-441B-B6FE-69AB051C51DC}
	EndGlobalSection
EndGlobal
