
Microsoft Visual Studio Solution File, Format Version 12.00
# Visual Studio Version 17
VisualStudioVersion = 17.3.32825.248
MinimumVisualStudioVersion = 10.0.40219.1
Project("{FAE04EC0-301F-11D3-BF4B-00C04F79EFBC}") = "MP1_ZH2_minta01_autok", "MP1_ZH2_minta01_autok\MP1_ZH2_minta01_autok.csproj", "{631EF259-230C-4BC6-8094-8E88AA77FD70}"
EndProject
Global
	GlobalSection(SolutionConfigurationPlatforms) = preSolution
		Debug|Any CPU = Debug|Any CPU
		Release|Any CPU = Release|Any CPU
	EndGlobalSection
	GlobalSection(ProjectConfigurationPlatforms) = postSolution
		{631EF259-230C-4BC6-8094-8E88AA77FD70}.Debug|Any CPU.ActiveCfg = Debug|Any CPU
		{631EF259-230C-4BC6-8094-8E88AA77FD70}.Debug|Any CPU.Build.0 = Debug|Any CPU
		{631EF259-230C-4BC6-8094-8E88AA77FD70}.Release|Any CPU.ActiveCfg = Release|Any CPU
		{631EF259-230C-4BC6-8094-8E88AA77FD70}.Release|Any CPU.Build.0 = Release|Any CPU
	EndGlobalSection
	GlobalSection(SolutionProperties) = preSolution
		HideSolutionNode = FALSE
	EndGlobalSection
	GlobalSection(ExtensibilityGlobals) = postSolution
		SolutionGuid = {C2513482-BF8B-4010-86C6-360198939FBF}
	EndGlobalSection
EndGlobal
