
Microsoft Visual Studio Solution File, Format Version 12.00
# Visual Studio Version 17
VisualStudioVersion = 17.3.32825.248
MinimumVisualStudioVersion = 10.0.40219.1
Project("{FAE04EC0-301F-11D3-BF4B-00C04F79EFBC}") = "ZH2_MP1_2022_2023", "ZH2_MP1_2022_2023\ZH2_MP1_2022_2023.csproj", "{C320BAA7-EB6D-41AE-AA95-C0A1D59A6548}"
EndProject
Global
	GlobalSection(SolutionConfigurationPlatforms) = preSolution
		Debug|Any CPU = Debug|Any CPU
		Release|Any CPU = Release|Any CPU
	EndGlobalSection
	GlobalSection(ProjectConfigurationPlatforms) = postSolution
		{C320BAA7-EB6D-41AE-AA95-C0A1D59A6548}.Debug|Any CPU.ActiveCfg = Debug|Any CPU
		{C320BAA7-EB6D-41AE-AA95-C0A1D59A6548}.Debug|Any CPU.Build.0 = Debug|Any CPU
		{C320BAA7-EB6D-41AE-AA95-C0A1D59A6548}.Release|Any CPU.ActiveCfg = Release|Any CPU
		{C320BAA7-EB6D-41AE-AA95-C0A1D59A6548}.Release|Any CPU.Build.0 = Release|Any CPU
	EndGlobalSection
	GlobalSection(SolutionProperties) = preSolution
		HideSolutionNode = FALSE
	EndGlobalSection
	GlobalSection(ExtensibilityGlobals) = postSolution
		SolutionGuid = {9C74981D-51DB-4512-8A92-7FB6D8DCFAE2}
	EndGlobalSection
EndGlobal
