
Microsoft Visual Studio Solution File, Format Version 12.00
# Visual Studio Version 17
VisualStudioVersion = 17.3.32825.248
MinimumVisualStudioVersion = 10.0.40219.1
Project("{FAE04EC0-301F-11D3-BF4B-00C04F79EFBC}") = "Minta_ZH1_2022_hasas-ugras_3_ver2", "Minta_ZH1_2022_hasas-ugras_3_ver2\Minta_ZH1_2022_hasas-ugras_3_ver2.csproj", "{1A8E2FD9-BBCA-4240-98DD-43A2398A8D2A}"
EndProject
Global
	GlobalSection(SolutionConfigurationPlatforms) = preSolution
		Debug|Any CPU = Debug|Any CPU
		Release|Any CPU = Release|Any CPU
	EndGlobalSection
	GlobalSection(ProjectConfigurationPlatforms) = postSolution
		{1A8E2FD9-BBCA-4240-98DD-43A2398A8D2A}.Debug|Any CPU.ActiveCfg = Debug|Any CPU
		{1A8E2FD9-BBCA-4240-98DD-43A2398A8D2A}.Debug|Any CPU.Build.0 = Debug|Any CPU
		{1A8E2FD9-BBCA-4240-98DD-43A2398A8D2A}.Release|Any CPU.ActiveCfg = Release|Any CPU
		{1A8E2FD9-BBCA-4240-98DD-43A2398A8D2A}.Release|Any CPU.Build.0 = Release|Any CPU
	EndGlobalSection
	GlobalSection(SolutionProperties) = preSolution
		HideSolutionNode = FALSE
	EndGlobalSection
	GlobalSection(ExtensibilityGlobals) = postSolution
		SolutionGuid = {4050CE15-6683-476B-93DB-D92C84056C15}
	EndGlobalSection
EndGlobal
