
Microsoft Visual Studio Solution File, Format Version 12.00
# Visual Studio Version 17
VisualStudioVersion = 17.3.32825.248
MinimumVisualStudioVersion = 10.0.40219.1
Project("{FAE04EC0-301F-11D3-BF4B-00C04F79EFBC}") = "Minta_ZH1_2023_02", "Minta_ZH1_2023_02\Minta_ZH1_2023_02.csproj", "{F6319109-19CE-4CE1-8F58-2614522138E5}"
EndProject
Global
	GlobalSection(SolutionConfigurationPlatforms) = preSolution
		Debug|Any CPU = Debug|Any CPU
		Release|Any CPU = Release|Any CPU
	EndGlobalSection
	GlobalSection(ProjectConfigurationPlatforms) = postSolution
		{F6319109-19CE-4CE1-8F58-2614522138E5}.Debug|Any CPU.ActiveCfg = Debug|Any CPU
		{F6319109-19CE-4CE1-8F58-2614522138E5}.Debug|Any CPU.Build.0 = Debug|Any CPU
		{F6319109-19CE-4CE1-8F58-2614522138E5}.Release|Any CPU.ActiveCfg = Release|Any CPU
		{F6319109-19CE-4CE1-8F58-2614522138E5}.Release|Any CPU.Build.0 = Release|Any CPU
	EndGlobalSection
	GlobalSection(SolutionProperties) = preSolution
		HideSolutionNode = FALSE
	EndGlobalSection
	GlobalSection(ExtensibilityGlobals) = postSolution
		SolutionGuid = {56D95920-DE71-4382-8061-77ACA2484AA0}
	EndGlobalSection
EndGlobal
